<?xml version="1.0" encoding="utf-8"?>
<Project ToolsVersion="4.0" xmlns="http://schemas.microsoft.com/developer/msbuild/2003">
  <ItemGroup>
    <Filter Include="metahook">
      <UniqueIdentifier>{93995380-89BD-4b04-88EB-625FBE52EBFB}</UniqueIdentifier>
      <Extensions>h;hh;hpp;hxx;hm;inl;inc;ipp;xsd</Extensions>
    </Filter>
    <Filter Include="cl_dll">
      <UniqueIdentifier>{10def174-8a0b-428b-9fac-7894a3e81614}</UniqueIdentifier>
    </Filter>
    <Filter Include="cl_dll\Graph">
      <UniqueIdentifier>{f0fb44e4-eb31-41cb-9210-ebaf77824663}</UniqueIdentifier>
    </Filter>
    <Filter Include="public">
      <UniqueIdentifier>{ee2e81a2-66d2-47e0-8436-baf0798745f3}</UniqueIdentifier>
    </Filter>
    <Filter Include="metahook\msvc">
      <UniqueIdentifier>{652fc0dd-4d0b-41cd-ad97-2fd6218bc9ea}</UniqueIdentifier>
    </Filter>
    <Filter Include="game_shared">
      <UniqueIdentifier>{ffee48a0-99b3-490b-b494-a02ff6769222}</UniqueIdentifier>
    </Filter>
  </ItemGroup>
  <ItemGroup>
    <ClCompile Include="..\precompiled.cpp">
      <Filter>metahook</Filter>
    </ClCompile>
    <ClCompile Include="..\metahook.cpp">
      <Filter>metahook</Filter>
    </ClCompile>
    <ClCompile Include="..\larger_textures.cpp">
      <Filter>metahook</Filter>
    </ClCompile>
    <ClCompile Include="..\fullbright_textures.cpp">
      <Filter>metahook</Filter>
    </ClCompile>
    <ClCompile Include="..\..\cl_dll\Graph\dxt.cpp">
      <Filter>cl_dll\Graph</Filter>
    </ClCompile>
    <ClCompile Include="..\client.cpp">
      <Filter>metahook</Filter>
    </ClCompile>
    <ClCompile Include="..\engine.cpp">
      <Filter>metahook</Filter>
    </ClCompile>
    <ClCompile Include="..\..\public\interface.cpp">
      <Filter>public</Filter>
    </ClCompile>
    <ClCompile Include="..\exportfuncs.cpp">
      <Filter>metahook</Filter>
    </ClCompile>
    <ClCompile Include="..\..\game_shared\shared_util.cpp">
      <Filter>game_shared</Filter>
    </ClCompile>
    <ClCompile Include="..\sound.cpp">
      <Filter>metahook</Filter>
    </ClCompile>
    <ClCompile Include="..\IKeyValuesSystem.cpp">
      <Filter>metahook</Filter>
    </ClCompile>
  </ItemGroup>
  <ItemGroup>
    <ClInclude Include="..\precompiled.h">
      <Filter>metahook</Filter>
    </ClInclude>
    <ClInclude Include="..\metahook.h">
      <Filter>metahook</Filter>
    </ClInclude>
    <ClInclude Include="..\cdll_export.h">
      <Filter>metahook</Filter>
    </ClInclude>
    <ClInclude Include="..\larger_textures.h">
      <Filter>metahook</Filter>
    </ClInclude>
    <ClInclude Include="..\fullbright_textures.h">
      <Filter>metahook</Filter>
    </ClInclude>
    <ClInclude Include="..\..\cl_dll\Graph\dxt.h">
      <Filter>cl_dll\Graph</Filter>
    </ClInclude>
    <ClInclude Include="..\client.h">
      <Filter>metahook</Filter>
    </ClInclude>
    <ClInclude Include="..\engine.h">
      <Filter>metahook</Filter>
    </ClInclude>
    <ClInclude Include="..\..\public\interface.h">
      <Filter>public</Filter>
    </ClInclude>
    <ClInclude Include="..\exportfuncs.h">
      <Filter>metahook</Filter>
    </ClInclude>
    <ClInclude Include="..\..\game_shared\shared_util.h">
      <Filter>game_shared</Filter>
    </ClInclude>
    <ClInclude Include="..\sound.h">
      <Filter>metahook</Filter>
    </ClInclude>
    <ClInclude Include="..\IKeyValuesSystem.h">
      <Filter>metahook</Filter>
    </ClInclude>
  </ItemGroup>
  <ItemGroup>
    <None Include="export.def">
      <Filter>metahook\msvc</Filter>
    </None>
  </ItemGroup>
</Project>