<?xml version="1.0" encoding="utf-8"?>
<Project ToolsVersion="4.0" xmlns="http://schemas.microsoft.com/developer/msbuild/2003">
  <ItemGroup>
    <Filter Include="public">
      <UniqueIdentifier>{4FC737F1-C7A5-4376-A066-2A32D752A2FF}</UniqueIdentifier>
      <Extensions>cpp;c;cc;cxx;c++;cppm;ixx;def;odl;idl;hpj;bat;asm;asmx</Extensions>
    </Filter>
    <Filter Include="gameui">
      <UniqueIdentifier>{913ce6ab-00db-444c-9925-4a6e4cb8f317}</UniqueIdentifier>
    </Filter>
    <Filter Include="tier3">
      <UniqueIdentifier>{c45e180c-9918-4ebf-a460-54b42afc1e70}</UniqueIdentifier>
    </Filter>
    <Filter Include="game_shared">
      <UniqueIdentifier>{a6724e52-70f0-4074-83ea-6bc90761d921}</UniqueIdentifier>
    </Filter>
    <Filter Include="vgui_controls">
      <UniqueIdentifier>{b9e3e30a-50f5-41c2-aadf-ec623968965e}</UniqueIdentifier>
    </Filter>
    <Filter Include="public\tier0">
      <UniqueIdentifier>{fa425f32-003d-4f14-aa3c-b59d24224826}</UniqueIdentifier>
    </Filter>
  </ItemGroup>
  <ItemGroup>
    <ClCompile Include="..\..\public\interface.cpp">
      <Filter>public</Filter>
    </ClCompile>
    <ClCompile Include="..\precompiled.cpp">
      <Filter>gameui</Filter>
    </ClCompile>
    <ClCompile Include="..\IGameConsole.cpp">
      <Filter>gameui</Filter>
    </ClCompile>
    <ClCompile Include="..\IGameUI.cpp">
      <Filter>gameui</Filter>
    </ClCompile>
    <ClCompile Include="..\..\tier3\tier3.cpp">
      <Filter>tier3</Filter>
    </ClCompile>
    <ClCompile Include="..\..\vgui_controls\Controls.cpp">
      <Filter>vgui_controls</Filter>
    </ClCompile>
    <ClCompile Include="..\..\game_shared\shared_util.cpp">
      <Filter>game_shared</Filter>
    </ClCompile>
    <ClCompile Include="..\BasePanel.cpp">
      <Filter>gameui</Filter>
    </ClCompile>
    <ClCompile Include="..\GameConsoleDialog.cpp">
      <Filter>gameui</Filter>
    </ClCompile>
    <ClCompile Include="..\ConsoleDialog.cpp">
      <Filter>gameui</Filter>
    </ClCompile>
    <ClCompile Include="..\..\public\KeyValues.cpp">
      <Filter>public</Filter>
    </ClCompile>
    <ClCompile Include="..\..\public\utlbuffer.cpp">
      <Filter>public</Filter>
    </ClCompile>
    <ClCompile Include="..\..\public\characterset.cpp">
      <Filter>public</Filter>
    </ClCompile>
    <ClCompile Include="..\..\public\tier0\dbg.cpp">
      <Filter>public\tier0</Filter>
    </ClCompile>
    <ClCompile Include="..\..\public\stringpool.cpp">
      <Filter>public</Filter>
    </ClCompile>
    <ClCompile Include="..\..\public\generichash.cpp">
      <Filter>public</Filter>
    </ClCompile>
  </ItemGroup>
  <ItemGroup>
    <ClInclude Include="..\..\public\interface.h">
      <Filter>public</Filter>
    </ClInclude>
    <ClInclude Include="..\precompiled.h">
      <Filter>gameui</Filter>
    </ClInclude>
    <ClInclude Include="..\IGameConsole.h">
      <Filter>gameui</Filter>
    </ClInclude>
    <ClInclude Include="..\IGameUI.h">
      <Filter>gameui</Filter>
    </ClInclude>
    <ClInclude Include="..\..\tier3\tier3.h">
      <Filter>tier3</Filter>
    </ClInclude>
    <ClInclude Include="..\..\vgui_controls\Controls.h">
      <Filter>vgui_controls</Filter>
    </ClInclude>
    <ClInclude Include="..\..\game_shared\shared_util.h">
      <Filter>game_shared</Filter>
    </ClInclude>
    <ClInclude Include="..\BasePanel.h">
      <Filter>gameui</Filter>
    </ClInclude>
    <ClInclude Include="..\GameConsoleDialog.h">
      <Filter>gameui</Filter>
    </ClInclude>
    <ClInclude Include="..\ConsoleDialog.h">
      <Filter>gameui</Filter>
    </ClInclude>
    <ClInclude Include="..\..\public\KeyValues.h">
      <Filter>public</Filter>
    </ClInclude>
    <ClInclude Include="..\..\public\utlbuffer.h">
      <Filter>public</Filter>
    </ClInclude>
    <ClInclude Include="..\..\public\characterset.h">
      <Filter>public</Filter>
    </ClInclude>
    <ClInclude Include="..\..\public\strtools.h">
      <Filter>public</Filter>
    </ClInclude>
    <ClInclude Include="..\..\public\tier0\dbg.h">
      <Filter>public\tier0</Filter>
    </ClInclude>
    <ClInclude Include="..\..\public\stringpool.h">
      <Filter>public</Filter>
    </ClInclude>
    <ClInclude Include="..\..\public\generichash.h">
      <Filter>public</Filter>
    </ClInclude>
  </ItemGroup>
</Project>