<?xml version="1.0" encoding="utf-8"?>
<Project ToolsVersion="4.0" xmlns="http://schemas.microsoft.com/developer/msbuild/2003">
  <ItemGroup>
    <Filter Include="public">
      <UniqueIdentifier>{4FC737F1-C7A5-4376-A066-2A32D752A2FF}</UniqueIdentifier>
      <Extensions>cpp;c;cc;cxx;c++;cppm;ixx;def;odl;idl;hpj;bat;asm;asmx</Extensions>
    </Filter>
    <Filter Include="gameui">
      <UniqueIdentifier>{913ce6ab-00db-444c-9925-4a6e4cb8f317}</UniqueIdentifier>
    </Filter>
    <Filter Include="tier3">
      <UniqueIdentifier>{c45e180c-9918-4ebf-a460-54b42afc1e70}</UniqueIdentifier>
    </Filter>
    <Filter Include="game_shared">
      <UniqueIdentifier>{a6724e52-70f0-4074-83ea-6bc90761d921}</UniqueIdentifier>
    </Filter>
    <Filter Include="gameui\ServerBrowser">
      <UniqueIdentifier>{d61ebc15-27e5-4f01-8eb0-5245b1cbb095}</UniqueIdentifier>
    </Filter>
    <Filter Include="gameui\ServerBrowser\Dialogs">
      <UniqueIdentifier>{7705605a-bbcd-46e0-82b4-4c651efb50b9}</UniqueIdentifier>
    </Filter>
    <Filter Include="gameui\ServerBrowser\Game Page">
      <UniqueIdentifier>{c7020431-1a19-4232-95aa-1cc917d035c1}</UniqueIdentifier>
    </Filter>
    <Filter Include="common">
      <UniqueIdentifier>{9f262fa4-5c88-4692-847a-ca9f32a046e7}</UniqueIdentifier>
    </Filter>
    <Filter Include="Steam">
      <UniqueIdentifier>{bb0b3baa-60ef-46af-b9a1-7dabb0824380}</UniqueIdentifier>
    </Filter>
    <Filter Include="gameui\CreateMultiplayerGame">
      <UniqueIdentifier>{1a8d158e-22be-4b18-8155-f447c446968e}</UniqueIdentifier>
    </Filter>
    <Filter Include="tier0">
      <UniqueIdentifier>{c1fc8050-5a00-41f2-8609-b95e0926a509}</UniqueIdentifier>
    </Filter>
  </ItemGroup>
  <ItemGroup>
    <ClCompile Include="..\..\public\interface.cpp">
      <Filter>public</Filter>
    </ClCompile>
    <ClCompile Include="..\precompiled.cpp">
      <Filter>gameui</Filter>
    </ClCompile>
    <ClCompile Include="..\IGameConsole.cpp">
      <Filter>gameui</Filter>
    </ClCompile>
    <ClCompile Include="..\IGameUI.cpp">
      <Filter>gameui</Filter>
    </ClCompile>
    <ClCompile Include="..\..\game_shared\shared_util.cpp">
      <Filter>game_shared</Filter>
    </ClCompile>
    <ClCompile Include="..\BasePanel.cpp">
      <Filter>gameui</Filter>
    </ClCompile>
    <ClCompile Include="..\GameConsoleDialog.cpp">
      <Filter>gameui</Filter>
    </ClCompile>
    <ClCompile Include="..\ConsoleDialog.cpp">
      <Filter>gameui</Filter>
    </ClCompile>
    <ClCompile Include="..\BackgroundMenuButton.cpp">
      <Filter>gameui</Filter>
    </ClCompile>
    <ClCompile Include="..\ModInfo.cpp">
      <Filter>gameui</Filter>
    </ClCompile>
    <ClCompile Include="..\GameMenu.cpp">
      <Filter>gameui</Filter>
    </ClCompile>
    <ClCompile Include="..\LoadingDialog.cpp">
      <Filter>gameui</Filter>
    </ClCompile>
    <ClCompile Include="..\ServerBrowser\ServerBrowser.cpp">
      <Filter>gameui\ServerBrowser</Filter>
    </ClCompile>
    <ClCompile Include="..\ServerBrowser\ServerBrowserDialog.cpp">
      <Filter>gameui\ServerBrowser</Filter>
    </ClCompile>
    <ClCompile Include="..\ServerBrowser\ServerListCompare.cpp">
      <Filter>gameui\ServerBrowser</Filter>
    </ClCompile>
    <ClCompile Include="..\ServerBrowser\BaseGamesPage.cpp">
      <Filter>gameui\ServerBrowser\Game Page</Filter>
    </ClCompile>
    <ClCompile Include="..\ServerBrowser\DialogAddServer.cpp">
      <Filter>gameui\ServerBrowser\Dialogs</Filter>
    </ClCompile>
    <ClCompile Include="..\ServerBrowser\DialogGameInfo.cpp">
      <Filter>gameui\ServerBrowser\Dialogs</Filter>
    </ClCompile>
    <ClCompile Include="..\ServerBrowser\DialogServerPassword.cpp">
      <Filter>gameui\ServerBrowser\Dialogs</Filter>
    </ClCompile>
    <ClCompile Include="..\ServerBrowser\FavoriteGames.cpp">
      <Filter>gameui\ServerBrowser\Game Page</Filter>
    </ClCompile>
    <ClCompile Include="..\ServerBrowser\FriendsGames.cpp">
      <Filter>gameui\ServerBrowser\Game Page</Filter>
    </ClCompile>
    <ClCompile Include="..\ServerBrowser\HistoryGames.cpp">
      <Filter>gameui\ServerBrowser\Game Page</Filter>
    </ClCompile>
    <ClCompile Include="..\ServerBrowser\InternetGames.cpp">
      <Filter>gameui\ServerBrowser\Game Page</Filter>
    </ClCompile>
    <ClCompile Include="..\ServerBrowser\LanGames.cpp">
      <Filter>gameui\ServerBrowser\Game Page</Filter>
    </ClCompile>
    <ClCompile Include="..\ServerBrowser\ServerContextMenu.cpp">
      <Filter>gameui\ServerBrowser\Dialogs</Filter>
    </ClCompile>
    <ClCompile Include="..\ServerBrowser\VACBannedConnRefusedDialog.cpp">
      <Filter>gameui\ServerBrowser\Dialogs</Filter>
    </ClCompile>
    <ClCompile Include="..\ServerBrowser\SpectateGames.cpp">
      <Filter>gameui\ServerBrowser\Game Page</Filter>
    </ClCompile>
    <ClCompile Include="..\..\common\netadr.cpp">
      <Filter>common</Filter>
    </ClCompile>
    <ClCompile Include="..\..\common\netapi.cpp">
      <Filter>common</Filter>
    </ClCompile>
    <ClCompile Include="..\..\Steam\steam_api.cpp">
      <Filter>Steam</Filter>
    </ClCompile>
    <ClCompile Include="..\..\tier0\dbg.cpp">
      <Filter>tier0</Filter>
    </ClCompile>
    <ClCompile Include="..\CreateMultiplayerGameDialog\CreateMultiplayerGameBotPage.cpp">
      <Filter>gameui\CreateMultiplayerGame</Filter>
    </ClCompile>
    <ClCompile Include="..\CreateMultiplayerGameDialog\CreateMultiplayerGameDialog.cpp">
      <Filter>gameui\CreateMultiplayerGame</Filter>
    </ClCompile>
    <ClCompile Include="..\CreateMultiplayerGameDialog\CreateMultiplayerGameGameplayPage.cpp">
      <Filter>gameui\CreateMultiplayerGame</Filter>
    </ClCompile>
    <ClCompile Include="..\ScriptObject.cpp">
      <Filter>gameui</Filter>
    </ClCompile>
    <ClCompile Include="..\CreateMultiplayerGameDialog\CreateMultiplayerGameServerPage.cpp">
      <Filter>gameui\CreateMultiplayerGame</Filter>
    </ClCompile>
    <ClCompile Include="..\PanelListPanel.cpp">
      <Filter>gameui</Filter>
    </ClCompile>
  </ItemGroup>
  <ItemGroup>
    <ClInclude Include="..\..\public\interface.h">
      <Filter>public</Filter>
    </ClInclude>
    <ClInclude Include="..\precompiled.h">
      <Filter>gameui</Filter>
    </ClInclude>
    <ClInclude Include="..\IGameConsole.h">
      <Filter>gameui</Filter>
    </ClInclude>
    <ClInclude Include="..\IGameUI.h">
      <Filter>gameui</Filter>
    </ClInclude>
    <ClInclude Include="..\..\tier3\tier3.h">
      <Filter>tier3</Filter>
    </ClInclude>
    <ClInclude Include="..\..\game_shared\shared_util.h">
      <Filter>game_shared</Filter>
    </ClInclude>
    <ClInclude Include="..\BasePanel.h">
      <Filter>gameui</Filter>
    </ClInclude>
    <ClInclude Include="..\GameConsoleDialog.h">
      <Filter>gameui</Filter>
    </ClInclude>
    <ClInclude Include="..\ConsoleDialog.h">
      <Filter>gameui</Filter>
    </ClInclude>
    <ClInclude Include="..\BackgroundMenuButton.h">
      <Filter>gameui</Filter>
    </ClInclude>
    <ClInclude Include="..\ModInfo.h">
      <Filter>gameui</Filter>
    </ClInclude>
    <ClInclude Include="..\GameMenu.h">
      <Filter>gameui</Filter>
    </ClInclude>
    <ClInclude Include="..\LoadingDialog.h">
      <Filter>gameui</Filter>
    </ClInclude>
    <ClInclude Include="..\ServerBrowser\ServerBrowser.h">
      <Filter>gameui\ServerBrowser</Filter>
    </ClInclude>
    <ClInclude Include="..\ServerBrowser\ServerBrowserDialog.h">
      <Filter>gameui\ServerBrowser</Filter>
    </ClInclude>
    <ClInclude Include="..\ServerBrowser\ServerListCompare.h">
      <Filter>gameui\ServerBrowser</Filter>
    </ClInclude>
    <ClInclude Include="..\ServerBrowser\BaseGamesPage.h">
      <Filter>gameui\ServerBrowser\Game Page</Filter>
    </ClInclude>
    <ClInclude Include="..\ServerBrowser\DialogAddServer.h">
      <Filter>gameui\ServerBrowser\Dialogs</Filter>
    </ClInclude>
    <ClInclude Include="..\ServerBrowser\DialogGameInfo.h">
      <Filter>gameui\ServerBrowser\Dialogs</Filter>
    </ClInclude>
    <ClInclude Include="..\ServerBrowser\DialogServerPassword.h">
      <Filter>gameui\ServerBrowser\Dialogs</Filter>
    </ClInclude>
    <ClInclude Include="..\ServerBrowser\FavoriteGames.h">
      <Filter>gameui\ServerBrowser\Game Page</Filter>
    </ClInclude>
    <ClInclude Include="..\ServerBrowser\FriendsGames.h">
      <Filter>gameui\ServerBrowser\Game Page</Filter>
    </ClInclude>
    <ClInclude Include="..\ServerBrowser\HistoryGames.h">
      <Filter>gameui\ServerBrowser\Game Page</Filter>
    </ClInclude>
    <ClInclude Include="..\ServerBrowser\InternetGames.h">
      <Filter>gameui\ServerBrowser\Game Page</Filter>
    </ClInclude>
    <ClInclude Include="..\ServerBrowser\LanGames.h">
      <Filter>gameui\ServerBrowser\Game Page</Filter>
    </ClInclude>
    <ClInclude Include="..\ServerBrowser\ServerContextMenu.h">
      <Filter>gameui\ServerBrowser\Dialogs</Filter>
    </ClInclude>
    <ClInclude Include="..\ServerBrowser\VACBannedConnRefusedDialog.h">
      <Filter>gameui\ServerBrowser\Dialogs</Filter>
    </ClInclude>
    <ClInclude Include="..\ServerBrowser\SpectateGames.h">
      <Filter>gameui\ServerBrowser\Game Page</Filter>
    </ClInclude>
    <ClInclude Include="..\..\common\netadr.h">
      <Filter>common</Filter>
    </ClInclude>
    <ClInclude Include="..\..\common\netapi.h">
      <Filter>common</Filter>
    </ClInclude>
    <ClInclude Include="..\OfflineMode.h">
      <Filter>gameui</Filter>
    </ClInclude>
    <ClInclude Include="..\..\Steam\steam_api.h">
      <Filter>Steam</Filter>
    </ClInclude>
    <ClInclude Include="..\..\tier0\dbg.h">
      <Filter>tier0</Filter>
    </ClInclude>
    <ClInclude Include="..\CreateMultiplayerGameDialog\CreateMultiplayerGameBotPage.h">
      <Filter>gameui\CreateMultiplayerGame</Filter>
    </ClInclude>
    <ClInclude Include="..\CreateMultiplayerGameDialog\CreateMultiplayerGameDialog.h">
      <Filter>gameui\CreateMultiplayerGame</Filter>
    </ClInclude>
    <ClInclude Include="..\CreateMultiplayerGameDialog\CreateMultiplayerGameGameplayPage.h">
      <Filter>gameui\CreateMultiplayerGame</Filter>
    </ClInclude>
    <ClInclude Include="..\ScriptObject.h">
      <Filter>gameui</Filter>
    </ClInclude>
    <ClInclude Include="..\CreateMultiplayerGameDialog\CreateMultiplayerGameServerPage.h">
      <Filter>gameui\CreateMultiplayerGame</Filter>
    </ClInclude>
    <ClInclude Include="..\PanelListPanel.h">
      <Filter>gameui</Filter>
    </ClInclude>
  </ItemGroup>
</Project>