<?xml version="1.0" encoding="utf-8"?>
<Project ToolsVersion="4.0" xmlns="http://schemas.microsoft.com/developer/msbuild/2003">
  <ItemGroup>
    <Filter Include="cl_dll">
      <UniqueIdentifier>{9621a544-906b-4535-a164-75acd64b7ba2}</UniqueIdentifier>
    </Filter>
    <Filter Include="cl_dll\Client">
      <UniqueIdentifier>{92d6d26b-7f85-41e3-8617-b54562f5974a}</UniqueIdentifier>
    </Filter>
    <Filter Include="pm_shared">
      <UniqueIdentifier>{4b08bc65-9b20-4224-a668-97ee8d720cef}</UniqueIdentifier>
    </Filter>
    <Filter Include="game_shared">
      <UniqueIdentifier>{1f8e6670-929c-49ba-a3c4-47cfd978e4f2}</UniqueIdentifier>
    </Filter>
    <Filter Include="common">
      <UniqueIdentifier>{655dd62b-0c1c-4c19-98eb-ba803425fda7}</UniqueIdentifier>
    </Filter>
    <Filter Include="dlls">
      <UniqueIdentifier>{242a3c40-d0ca-42f1-808c-74f82efcf1e6}</UniqueIdentifier>
    </Filter>
    <Filter Include="dlls\wpn_shared">
      <UniqueIdentifier>{9080ac44-de2b-4d54-a24a-46ca03f9994e}</UniqueIdentifier>
    </Filter>
    <Filter Include="cl_dll\Graph">
      <UniqueIdentifier>{73ee3683-7138-4eb4-a873-bafc41d8319b}</UniqueIdentifier>
    </Filter>
    <Filter Include="cl_dll\HUD">
      <UniqueIdentifier>{8d35b26b-86bc-4932-a315-97465148eb04}</UniqueIdentifier>
    </Filter>
    <Filter Include="cl_dll\Fonts">
      <UniqueIdentifier>{8730108c-e79b-4d8c-a2f0-2c36c95d88e6}</UniqueIdentifier>
    </Filter>
    <Filter Include="cl_dll\UI">
      <UniqueIdentifier>{73f28086-aa1c-4105-b2fd-271daebe87ff}</UniqueIdentifier>
    </Filter>
  </ItemGroup>
  <ItemGroup>
    <ClCompile Include="..\cdll_int.cpp">
      <Filter>cl_dll</Filter>
    </ClCompile>
    <ClCompile Include="..\entity.cpp">
      <Filter>cl_dll</Filter>
    </ClCompile>
    <ClCompile Include="..\..\pm_shared\pm_debug.cpp">
      <Filter>pm_shared</Filter>
    </ClCompile>
    <ClCompile Include="..\..\pm_shared\pm_math.cpp">
      <Filter>pm_shared</Filter>
    </ClCompile>
    <ClCompile Include="..\..\pm_shared\pm_shared.cpp">
      <Filter>pm_shared</Filter>
    </ClCompile>
    <ClCompile Include="..\view.cpp">
      <Filter>cl_dll</Filter>
    </ClCompile>
    <ClCompile Include="..\input.cpp">
      <Filter>cl_dll</Filter>
    </ClCompile>
    <ClCompile Include="..\input_mouse.cpp">
      <Filter>cl_dll</Filter>
    </ClCompile>
    <ClCompile Include="..\in_camera.cpp">
      <Filter>cl_dll</Filter>
    </ClCompile>
    <ClCompile Include="..\StudioModelRenderer.cpp">
      <Filter>cl_dll</Filter>
    </ClCompile>
    <ClCompile Include="..\StudioModelRenderer_CS.cpp">
      <Filter>cl_dll</Filter>
    </ClCompile>
    <ClCompile Include="..\hud\hud.cpp">
      <Filter>cl_dll\HUD</Filter>
    </ClCompile>
    <ClCompile Include="..\cl_util.cpp">
      <Filter>cl_dll</Filter>
    </ClCompile>
    <ClCompile Include="..\message.cpp">
      <Filter>cl_dll</Filter>
    </ClCompile>
    <ClCompile Include="..\events.cpp">
      <Filter>cl_dll</Filter>
    </ClCompile>
    <ClCompile Include="..\hud\hud_spectator.cpp">
      <Filter>cl_dll\HUD</Filter>
    </ClCompile>
    <ClCompile Include="..\interpolation.cpp">
      <Filter>cl_dll</Filter>
    </ClCompile>
    <ClCompile Include="..\hud\hud_ammo.cpp">
      <Filter>cl_dll\HUD</Filter>
    </ClCompile>
    <ClCompile Include="..\..\game_shared\shared_util.cpp">
      <Filter>game_shared</Filter>
    </ClCompile>
    <ClCompile Include="..\hud\hud_health.cpp">
      <Filter>cl_dll\HUD</Filter>
    </ClCompile>
    <ClCompile Include="..\hud\hud_geiger.cpp">
      <Filter>cl_dll\HUD</Filter>
    </ClCompile>
    <ClCompile Include="..\hud\hud_battery.cpp">
      <Filter>cl_dll\HUD</Filter>
    </ClCompile>
    <ClCompile Include="..\hud\hud_train.cpp">
      <Filter>cl_dll\HUD</Filter>
    </ClCompile>
    <ClCompile Include="..\hud\hud_flashlight.cpp">
      <Filter>cl_dll\HUD</Filter>
    </ClCompile>
    <ClCompile Include="..\hud\hud_message.cpp">
      <Filter>cl_dll\HUD</Filter>
    </ClCompile>
    <ClCompile Include="..\hud\hud_status_bar.cpp">
      <Filter>cl_dll\HUD</Filter>
    </ClCompile>
    <ClCompile Include="..\hud\hud_death_notice.cpp">
      <Filter>cl_dll\HUD</Filter>
    </ClCompile>
    <ClCompile Include="..\hud\hud_say_text.cpp">
      <Filter>cl_dll\HUD</Filter>
    </ClCompile>
    <ClCompile Include="..\hud\hud_menu.cpp">
      <Filter>cl_dll\HUD</Filter>
    </ClCompile>
    <ClCompile Include="..\hud\hud_nightvision.cpp">
      <Filter>cl_dll\HUD</Filter>
    </ClCompile>
    <ClCompile Include="..\hud\hud_text_message.cpp">
      <Filter>cl_dll\HUD</Filter>
    </ClCompile>
    <ClCompile Include="..\hud\hud_round_timer.cpp">
      <Filter>cl_dll\HUD</Filter>
    </ClCompile>
    <ClCompile Include="..\hud\hud_money.cpp">
      <Filter>cl_dll\HUD</Filter>
    </ClCompile>
    <ClCompile Include="..\hud\hud_head_name.cpp">
      <Filter>cl_dll\HUD</Filter>
    </ClCompile>
    <ClCompile Include="..\hud\hud_radar.cpp">
      <Filter>cl_dll\HUD</Filter>
    </ClCompile>
    <ClCompile Include="..\hud\hud_status_icons.cpp">
      <Filter>cl_dll\HUD</Filter>
    </ClCompile>
    <ClCompile Include="..\hud\hud_scenario_status.cpp">
      <Filter>cl_dll\HUD</Filter>
    </ClCompile>
    <ClCompile Include="..\hud\hud_progress_bar.cpp">
      <Filter>cl_dll\HUD</Filter>
    </ClCompile>
    <ClCompile Include="..\corpse.cpp">
      <Filter>cl_dll</Filter>
    </ClCompile>
    <ClCompile Include="..\..\common\parsemsg.cpp">
      <Filter>common</Filter>
    </ClCompile>
    <ClCompile Include="..\..\common\interface.cpp">
      <Filter>common</Filter>
    </ClCompile>
    <ClCompile Include="..\viewport_interface.cpp">
      <Filter>cl_dll</Filter>
    </ClCompile>
    <ClCompile Include="..\cl_base.cpp">
      <Filter>cl_dll</Filter>
    </ClCompile>
    <ClCompile Include="..\hud\hud_vgui2print.cpp">
      <Filter>cl_dll\HUD</Filter>
    </ClCompile>
    <ClCompile Include="..\weapons.cpp">
      <Filter>cl_dll</Filter>
    </ClCompile>
    <ClCompile Include="..\..\dlls\ammo.cpp">
      <Filter>dlls</Filter>
    </ClCompile>
    <ClCompile Include="..\..\dlls\weapontype.cpp">
      <Filter>dlls</Filter>
    </ClCompile>
    <ClCompile Include="..\..\dlls\wpn_shared\wpn_usp.cpp">
      <Filter>dlls\wpn_shared</Filter>
    </ClCompile>
    <ClCompile Include="..\..\dlls\wpn_shared\wpn_ksg12.cpp">
      <Filter>dlls\wpn_shared</Filter>
    </ClCompile>
    <ClCompile Include="..\..\dlls\wpn_shared\wpn_cm901.cpp">
      <Filter>dlls\wpn_shared</Filter>
    </ClCompile>
    <ClCompile Include="..\..\dlls\wpn_shared\wpn_awp.cpp">
      <Filter>dlls\wpn_shared</Filter>
    </ClCompile>
    <ClCompile Include="..\tri.cpp">
      <Filter>cl_dll</Filter>
    </ClCompile>
    <ClCompile Include="..\Graph\dxt.cpp">
      <Filter>cl_dll\Graph</Filter>
    </ClCompile>
    <ClCompile Include="..\hud\hud_sniperscope.cpp">
      <Filter>cl_dll\HUD</Filter>
    </ClCompile>
    <ClCompile Include="..\hud\hud_crosshair.cpp">
      <Filter>cl_dll\HUD</Filter>
    </ClCompile>
    <ClCompile Include="..\hud\hud_weaponlist.cpp">
      <Filter>cl_dll\HUD</Filter>
    </ClCompile>
    <ClCompile Include="..\..\dlls\wpn_shared\wpn_anaconda.cpp">
      <Filter>dlls\wpn_shared</Filter>
    </ClCompile>
    <ClCompile Include="..\..\dlls\wpn_shared\wpn_mp7a1.cpp">
      <Filter>dlls\wpn_shared</Filter>
    </ClCompile>
    <ClCompile Include="..\..\dlls\wpn_shared\wpn_ak47.cpp">
      <Filter>dlls\wpn_shared</Filter>
    </ClCompile>
    <ClCompile Include="..\..\dlls\wpn_shared\wpn_qbz95.cpp">
      <Filter>dlls\wpn_shared</Filter>
    </ClCompile>
    <ClCompile Include="..\..\dlls\wpn_shared\wpn_acr.cpp">
      <Filter>dlls\wpn_shared</Filter>
    </ClCompile>
    <ClCompile Include="..\..\dlls\wpn_shared\wpn_deagle.cpp">
      <Filter>dlls\wpn_shared</Filter>
    </ClCompile>
    <ClCompile Include="..\..\dlls\wpn_shared\wpn_svd.cpp">
      <Filter>dlls\wpn_shared</Filter>
    </ClCompile>
    <ClCompile Include="..\hud\hud_grenade.cpp">
      <Filter>cl_dll\HUD</Filter>
    </ClCompile>
    <ClCompile Include="..\Fonts\DrawFonts.cpp">
      <Filter>cl_dll\Fonts</Filter>
    </ClCompile>
    <ClCompile Include="..\Fonts\FontAmalgam.cpp">
      <Filter>cl_dll\Fonts</Filter>
    </ClCompile>
    <ClCompile Include="..\Fonts\FontManager.cpp">
      <Filter>cl_dll\Fonts</Filter>
    </ClCompile>
    <ClCompile Include="..\Fonts\FontTextureCache.cpp">
      <Filter>cl_dll\Fonts</Filter>
    </ClCompile>
    <ClCompile Include="..\Fonts\Win32Font.cpp">
      <Filter>cl_dll\Fonts</Filter>
    </ClCompile>
    <ClCompile Include="..\..\dlls\wpn_shared\wpn_fiveseven.cpp">
      <Filter>dlls\wpn_shared</Filter>
    </ClCompile>
    <ClCompile Include="..\..\dlls\wpn_shared\wpn_ump45.cpp">
      <Filter>dlls\wpn_shared</Filter>
    </ClCompile>
    <ClCompile Include="..\..\dlls\wpn_shared\wpn_glock18.cpp">
      <Filter>dlls\wpn_shared</Filter>
    </ClCompile>
    <ClCompile Include="..\..\dlls\wpn_shared\wpn_m4a1.cpp">
      <Filter>dlls\wpn_shared</Filter>
    </ClCompile>
    <ClCompile Include="..\UI\ui_panel.cpp">
      <Filter>cl_dll\UI</Filter>
    </ClCompile>
    <ClCompile Include="..\HUD\hud_scoreboard.cpp">
      <Filter>cl_dll\HUD</Filter>
    </ClCompile>
    <ClCompile Include="..\UI\ui_text.cpp">
      <Filter>cl_dll\UI</Filter>
    </ClCompile>
    <ClCompile Include="..\Fonts\encode.cpp">
      <Filter>cl_dll\Fonts</Filter>
    </ClCompile>
    <ClCompile Include="..\sound.cpp">
      <Filter>cl_dll</Filter>
    </ClCompile>
    <ClCompile Include="..\UI\menu_buy.cpp">
      <Filter>cl_dll\UI</Filter>
    </ClCompile>
    <ClCompile Include="..\UI\ui_button.cpp">
      <Filter>cl_dll\UI</Filter>
    </ClCompile>
    <ClCompile Include="..\..\dlls\wpn_shared\wpn_mk46.cpp">
      <Filter>dlls\wpn_shared</Filter>
    </ClCompile>
    <ClCompile Include="..\..\dlls\wpn_shared\wpn_scarh.cpp">
      <Filter>dlls\wpn_shared</Filter>
    </ClCompile>
  </ItemGroup>
  <ItemGroup>
    <ClInclude Include="..\cdll_int.h">
      <Filter>cl_dll</Filter>
    </ClInclude>
    <ClInclude Include="..\cl_base.h">
      <Filter>cl_dll</Filter>
    </ClInclude>
    <ClInclude Include="..\entity.h">
      <Filter>cl_dll</Filter>
    </ClInclude>
    <ClInclude Include="..\cl_util.h">
      <Filter>cl_dll</Filter>
    </ClInclude>
    <ClInclude Include="..\..\pm_shared\pm_debug.h">
      <Filter>pm_shared</Filter>
    </ClInclude>
    <ClInclude Include="..\..\pm_shared\pm_defs.h">
      <Filter>pm_shared</Filter>
    </ClInclude>
    <ClInclude Include="..\..\pm_shared\pm_info.h">
      <Filter>pm_shared</Filter>
    </ClInclude>
    <ClInclude Include="..\..\pm_shared\pm_materials.h">
      <Filter>pm_shared</Filter>
    </ClInclude>
    <ClInclude Include="..\..\pm_shared\pm_math.h">
      <Filter>pm_shared</Filter>
    </ClInclude>
    <ClInclude Include="..\..\pm_shared\pm_movevars.h">
      <Filter>pm_shared</Filter>
    </ClInclude>
    <ClInclude Include="..\..\pm_shared\pm_shared.h">
      <Filter>pm_shared</Filter>
    </ClInclude>
    <ClInclude Include="..\view.h">
      <Filter>cl_dll</Filter>
    </ClInclude>
    <ClInclude Include="..\input.h">
      <Filter>cl_dll</Filter>
    </ClInclude>
    <ClInclude Include="..\input_mouse.h">
      <Filter>cl_dll</Filter>
    </ClInclude>
    <ClInclude Include="..\in_camera.h">
      <Filter>cl_dll</Filter>
    </ClInclude>
    <ClInclude Include="..\StudioModelRenderer.h">
      <Filter>cl_dll</Filter>
    </ClInclude>
    <ClInclude Include="..\hud\hud.h">
      <Filter>cl_dll\HUD</Filter>
    </ClInclude>
    <ClInclude Include="..\message.h">
      <Filter>cl_dll</Filter>
    </ClInclude>
    <ClInclude Include="..\events.h">
      <Filter>cl_dll</Filter>
    </ClInclude>
    <ClInclude Include="..\hud\hud_spectator.h">
      <Filter>cl_dll\HUD</Filter>
    </ClInclude>
    <ClInclude Include="..\interpolation.h">
      <Filter>cl_dll</Filter>
    </ClInclude>
    <ClInclude Include="..\hud\hud_ammo.h">
      <Filter>cl_dll\HUD</Filter>
    </ClInclude>
    <ClInclude Include="..\..\game_shared\shared_util.h">
      <Filter>game_shared</Filter>
    </ClInclude>
    <ClInclude Include="..\hud\hud_health.h">
      <Filter>cl_dll\HUD</Filter>
    </ClInclude>
    <ClInclude Include="..\hud\hud_geiger.h">
      <Filter>cl_dll\HUD</Filter>
    </ClInclude>
    <ClInclude Include="..\hud\hud_battery.h">
      <Filter>cl_dll\HUD</Filter>
    </ClInclude>
    <ClInclude Include="..\hud\hud_train.h">
      <Filter>cl_dll\HUD</Filter>
    </ClInclude>
    <ClInclude Include="..\hud\hud_flashlight.h">
      <Filter>cl_dll\HUD</Filter>
    </ClInclude>
    <ClInclude Include="..\hud\hud_message.h">
      <Filter>cl_dll\HUD</Filter>
    </ClInclude>
    <ClInclude Include="..\hud\hud_status_bar.h">
      <Filter>cl_dll\HUD</Filter>
    </ClInclude>
    <ClInclude Include="..\hud\hud_death_notice.h">
      <Filter>cl_dll\HUD</Filter>
    </ClInclude>
    <ClInclude Include="..\hud\hud_say_text.h">
      <Filter>cl_dll\HUD</Filter>
    </ClInclude>
    <ClInclude Include="..\hud\hud_menu.h">
      <Filter>cl_dll\HUD</Filter>
    </ClInclude>
    <ClInclude Include="..\hud\hud_nightvision.h">
      <Filter>cl_dll\HUD</Filter>
    </ClInclude>
    <ClInclude Include="..\hud\hud_text_message.h">
      <Filter>cl_dll\HUD</Filter>
    </ClInclude>
    <ClInclude Include="..\hud\hud_round_timer.h">
      <Filter>cl_dll\HUD</Filter>
    </ClInclude>
    <ClInclude Include="..\hud\hud_money.h">
      <Filter>cl_dll\HUD</Filter>
    </ClInclude>
    <ClInclude Include="..\hud\hud_head_name.h">
      <Filter>cl_dll\HUD</Filter>
    </ClInclude>
    <ClInclude Include="..\hud\hud_radar.h">
      <Filter>cl_dll\HUD</Filter>
    </ClInclude>
    <ClInclude Include="..\hud\hud_status_icons.h">
      <Filter>cl_dll\HUD</Filter>
    </ClInclude>
    <ClInclude Include="..\hud\hud_scenario_status.h">
      <Filter>cl_dll\HUD</Filter>
    </ClInclude>
    <ClInclude Include="..\hud\hud_progress_bar.h">
      <Filter>cl_dll\HUD</Filter>
    </ClInclude>
    <ClInclude Include="..\corpse.h">
      <Filter>cl_dll</Filter>
    </ClInclude>
    <ClInclude Include="..\..\common\parsemsg.h">
      <Filter>common</Filter>
    </ClInclude>
    <ClInclude Include="..\..\common\interface.h">
      <Filter>common</Filter>
    </ClInclude>
    <ClInclude Include="..\viewport_interface.h">
      <Filter>cl_dll</Filter>
    </ClInclude>
    <ClInclude Include="..\hud\hud_vgui2print.h">
      <Filter>cl_dll\HUD</Filter>
    </ClInclude>
    <ClInclude Include="..\weapons.h">
      <Filter>cl_dll</Filter>
    </ClInclude>
    <ClInclude Include="..\..\dlls\ammo.h">
      <Filter>dlls</Filter>
    </ClInclude>
    <ClInclude Include="..\..\dlls\cdll_dll.h">
      <Filter>dlls</Filter>
    </ClInclude>
    <ClInclude Include="..\..\dlls\weapontype.h">
      <Filter>dlls</Filter>
    </ClInclude>
    <ClInclude Include="..\tri.h">
      <Filter>cl_dll</Filter>
    </ClInclude>
    <ClInclude Include="..\Graph\dxt.h">
      <Filter>cl_dll\Graph</Filter>
    </ClInclude>
    <ClInclude Include="..\hud\hud_sniperscope.h">
      <Filter>cl_dll\HUD</Filter>
    </ClInclude>
    <ClInclude Include="..\hud\hud_crosshair.h">
      <Filter>cl_dll\HUD</Filter>
    </ClInclude>
    <ClInclude Include="..\hud\hud_weaponlist.h">
      <Filter>cl_dll\HUD</Filter>
    </ClInclude>
    <ClInclude Include="..\hud\hud_grenade.h">
      <Filter>cl_dll\HUD</Filter>
    </ClInclude>
    <ClInclude Include="..\Fonts\DrawFonts.h">
      <Filter>cl_dll\Fonts</Filter>
    </ClInclude>
    <ClInclude Include="..\Fonts\FontAmalgam.h">
      <Filter>cl_dll\Fonts</Filter>
    </ClInclude>
    <ClInclude Include="..\Fonts\FontManager.h">
      <Filter>cl_dll\Fonts</Filter>
    </ClInclude>
    <ClInclude Include="..\Fonts\FontTextureCache.h">
      <Filter>cl_dll\Fonts</Filter>
    </ClInclude>
    <ClInclude Include="..\Fonts\Win32Font.h">
      <Filter>cl_dll\Fonts</Filter>
    </ClInclude>
    <ClInclude Include="..\UI\ui_panel.h">
      <Filter>cl_dll\UI</Filter>
    </ClInclude>
    <ClInclude Include="..\HUD\hud_scoreboard.h">
      <Filter>cl_dll\HUD</Filter>
    </ClInclude>
    <ClInclude Include="..\UI\ui_text.h">
      <Filter>cl_dll\UI</Filter>
    </ClInclude>
    <ClInclude Include="..\Fonts\encode.h">
      <Filter>cl_dll\Fonts</Filter>
    </ClInclude>
    <ClInclude Include="..\sound.h">
      <Filter>cl_dll</Filter>
    </ClInclude>
    <ClInclude Include="..\UI\menu_buy.h">
      <Filter>cl_dll\UI</Filter>
    </ClInclude>
    <ClInclude Include="..\UI\ui_button.h">
      <Filter>cl_dll\UI</Filter>
    </ClInclude>
  </ItemGroup>
  <ItemGroup>
    <None Include="export.def">
      <Filter>cl_dll\Client</Filter>
    </None>
  </ItemGroup>
</Project>