<?xml version="1.0" encoding="utf-8"?>
<Project ToolsVersion="4.0" xmlns="http://schemas.microsoft.com/developer/msbuild/2003">
  <ItemGroup>
    <Filter Include="cl_dll">
      <UniqueIdentifier>{9621a544-906b-4535-a164-75acd64b7ba2}</UniqueIdentifier>
    </Filter>
    <Filter Include="cl_dll\Client">
      <UniqueIdentifier>{92d6d26b-7f85-41e3-8617-b54562f5974a}</UniqueIdentifier>
    </Filter>
    <Filter Include="pm_shared">
      <UniqueIdentifier>{4b08bc65-9b20-4224-a668-97ee8d720cef}</UniqueIdentifier>
    </Filter>
    <Filter Include="cl_dll\hud">
      <UniqueIdentifier>{8d35b26b-86bc-4932-a315-97465148eb04}</UniqueIdentifier>
    </Filter>
  </ItemGroup>
  <ItemGroup>
    <ClCompile Include="..\cdll_int.cpp">
      <Filter>cl_dll</Filter>
    </ClCompile>
    <ClCompile Include="..\entity.cpp">
      <Filter>cl_dll</Filter>
    </ClCompile>
    <ClCompile Include="..\..\pm_shared\pm_debug.cpp">
      <Filter>pm_shared</Filter>
    </ClCompile>
    <ClCompile Include="..\..\pm_shared\pm_math.cpp">
      <Filter>pm_shared</Filter>
    </ClCompile>
    <ClCompile Include="..\..\pm_shared\pm_shared.cpp">
      <Filter>pm_shared</Filter>
    </ClCompile>
    <ClCompile Include="..\view.cpp">
      <Filter>cl_dll</Filter>
    </ClCompile>
    <ClCompile Include="..\input.cpp">
      <Filter>cl_dll</Filter>
    </ClCompile>
    <ClCompile Include="..\input_mouse.cpp">
      <Filter>cl_dll</Filter>
    </ClCompile>
    <ClCompile Include="..\in_camera.cpp">
      <Filter>cl_dll</Filter>
    </ClCompile>
    <ClCompile Include="..\StudioModelRenderer.cpp">
      <Filter>cl_dll</Filter>
    </ClCompile>
    <ClCompile Include="..\StudioModelRenderer_CS.cpp">
      <Filter>cl_dll</Filter>
    </ClCompile>
    <ClCompile Include="..\hud\hud.cpp">
      <Filter>cl_dll\hud</Filter>
    </ClCompile>
    <ClCompile Include="..\cl_util.cpp">
      <Filter>cl_dll</Filter>
    </ClCompile>
    <ClCompile Include="..\message.cpp">
      <Filter>cl_dll</Filter>
    </ClCompile>
    <ClCompile Include="..\..\common\parsemsg.cpp">
      <Filter>cl_dll</Filter>
    </ClCompile>
    <ClCompile Include="..\events.cpp">
      <Filter>cl_dll</Filter>
    </ClCompile>
  </ItemGroup>
  <ItemGroup>
    <ClInclude Include="..\cdll_int.h">
      <Filter>cl_dll</Filter>
    </ClInclude>
    <ClInclude Include="..\cl_base.h">
      <Filter>cl_dll</Filter>
    </ClInclude>
    <ClInclude Include="..\entity.h">
      <Filter>cl_dll</Filter>
    </ClInclude>
    <ClInclude Include="..\cl_util.h">
      <Filter>cl_dll</Filter>
    </ClInclude>
    <ClInclude Include="..\..\pm_shared\pm_debug.h">
      <Filter>pm_shared</Filter>
    </ClInclude>
    <ClInclude Include="..\..\pm_shared\pm_defs.h">
      <Filter>pm_shared</Filter>
    </ClInclude>
    <ClInclude Include="..\..\pm_shared\pm_info.h">
      <Filter>pm_shared</Filter>
    </ClInclude>
    <ClInclude Include="..\..\pm_shared\pm_materials.h">
      <Filter>pm_shared</Filter>
    </ClInclude>
    <ClInclude Include="..\..\pm_shared\pm_math.h">
      <Filter>pm_shared</Filter>
    </ClInclude>
    <ClInclude Include="..\..\pm_shared\pm_movevars.h">
      <Filter>pm_shared</Filter>
    </ClInclude>
    <ClInclude Include="..\..\pm_shared\pm_shared.h">
      <Filter>pm_shared</Filter>
    </ClInclude>
    <ClInclude Include="..\view.h">
      <Filter>cl_dll</Filter>
    </ClInclude>
    <ClInclude Include="..\input.h">
      <Filter>cl_dll</Filter>
    </ClInclude>
    <ClInclude Include="..\input_mouse.h">
      <Filter>cl_dll</Filter>
    </ClInclude>
    <ClInclude Include="..\in_camera.h">
      <Filter>cl_dll</Filter>
    </ClInclude>
    <ClInclude Include="..\StudioModelRenderer.h">
      <Filter>cl_dll</Filter>
    </ClInclude>
    <ClInclude Include="..\hud\hud.h">
      <Filter>cl_dll\hud</Filter>
    </ClInclude>
    <ClInclude Include="..\message.h">
      <Filter>cl_dll</Filter>
    </ClInclude>
    <ClInclude Include="..\..\common\parsemsg.h">
      <Filter>cl_dll</Filter>
    </ClInclude>
    <ClInclude Include="..\events.h">
      <Filter>cl_dll</Filter>
    </ClInclude>
  </ItemGroup>
  <ItemGroup>
    <None Include="export.def">
      <Filter>cl_dll\Client</Filter>
    </None>
  </ItemGroup>
</Project>